{
  "name": "language-learning",
  "version": "1.0.0",
  "lockfileVersion": 3,
  "requires": true,
  "packages": {
    "": {
      "name": "language-learning",
      "version": "1.0.0",
      "license": "MIT",
      "dependencies": {
        "@inworld/runtime": "https://storage.googleapis.com/assets-inworld-ai/node-packages/inworld-runtime-0.9.0-rc.14.tgz",
        "@supabase/supabase-js": "^2.89.0",
        "anki-apkg-export": "^4.0.3",
        "cors": "^2.8.5",
        "dotenv": "^17.2.1",
        "express": "^4.22.1",
        "pino": "^10.1.0",
        "uuid": "^11.1.0",
        "ws": "^8.18.0"
      }
    }
  }
}